
Microsoft Visual Studio Solution File, Format Version 12.00
# Visual Studio Version 16
VisualStudioVersion = 16.0.30804.86
MinimumVisualStudioVersion = 10.0.40219.1
Project("{9A19103F-16F7-4668-BE54-9A1E7A4F7556}") = "DataAccess", "DataAccess\DataAccess.csproj", "{DC8AE53C-1053-422C-A818-62A3D1286F9F}"
EndProject
Project("{9A19103F-16F7-4668-BE54-9A1E7A4F7556}") = "Entities", "Entities\Entities.csproj", "{9E8854A6-402F-4C56-BBF6-4AF91BA4C6E3}"
EndProject
Project("{9A19103F-16F7-4668-BE54-9A1E7A4F7556}") = "Business", "Business\Business.csproj", "{2FADD0DE-2993-4F3A-9779-7884B83A0969}"
EndProject
Project("{FAE04EC0-301F-11D3-BF4B-00C04F79EFBC}") = "ConsoleUI", "ConsoleUI\ConsoleUI.csproj", "{D59A4FDB-3AC5-4858-8A0D-DDA9E17109C0}"
EndProject
Global
	GlobalSection(SolutionConfigurationPlatforms) = preSolution
		Debug|Any CPU = Debug|Any CPU
		Release|Any CPU = Release|Any CPU
	EndGlobalSection
	GlobalSection(ProjectConfigurationPlatforms) = postSolution
		{DC8AE53C-1053-422C-A818-62A3D1286F9F}.Debug|Any CPU.ActiveCfg = Debug|Any CPU
		{DC8AE53C-1053-422C-A818-62A3D1286F9F}.Debug|Any CPU.Build.0 = Debug|Any CPU
		{DC8AE53C-1053-422C-A818-62A3D1286F9F}.Release|Any CPU.ActiveCfg = Release|Any CPU
		{DC8AE53C-1053-422C-A818-62A3D1286F9F}.Release|Any CPU.Build.0 = Release|Any CPU
		{9E8854A6-402F-4C56-BBF6-4AF91BA4C6E3}.Debug|Any CPU.ActiveCfg = Debug|Any CPU
		{9E8854A6-402F-4C56-BBF6-4AF91BA4C6E3}.Debug|Any CPU.Build.0 = Debug|Any CPU
		{9E8854A6-402F-4C56-BBF6-4AF91BA4C6E3}.Release|Any CPU.ActiveCfg = Release|Any CPU
		{9E8854A6-402F-4C56-BBF6-4AF91BA4C6E3}.Release|Any CPU.Build.0 = Release|Any CPU
		{2FADD0DE-2993-4F3A-9779-7884B83A0969}.Debug|Any CPU.ActiveCfg = Debug|Any CPU
		{2FADD0DE-2993-4F3A-9779-7884B83A0969}.Debug|Any CPU.Build.0 = Debug|Any CPU
		{2FADD0DE-2993-4F3A-9779-7884B83A0969}.Release|Any CPU.ActiveCfg = Release|Any CPU
		{2FADD0DE-2993-4F3A-9779-7884B83A0969}.Release|Any CPU.Build.0 = Release|Any CPU
		{D59A4FDB-3AC5-4858-8A0D-DDA9E17109C0}.Debug|Any CPU.ActiveCfg = Debug|Any CPU
		{D59A4FDB-3AC5-4858-8A0D-DDA9E17109C0}.Debug|Any CPU.Build.0 = Debug|Any CPU
		{D59A4FDB-3AC5-4858-8A0D-DDA9E17109C0}.Release|Any CPU.ActiveCfg = Release|Any CPU
		{D59A4FDB-3AC5-4858-8A0D-DDA9E17109C0}.Release|Any CPU.Build.0 = Release|Any CPU
	EndGlobalSection
	GlobalSection(SolutionProperties) = preSolution
		HideSolutionNode = FALSE
	EndGlobalSection
	GlobalSection(ExtensibilityGlobals) = postSolution
		SolutionGuid = {F8247F0E-EABB-4B1E-A6EF-A06CB1CA3074}
	EndGlobalSection
EndGlobal
